{
  "name": "html-native-codex-workbench",
  "version": "1.0.38",
  "lockfileVersion": 3,
  "requires": true,
  "packages": {
    "": {
      "name": "html-native-codex-workbench",
      "version": "1.0.38",
      "dependencies": {
        "dompurify": "^3.2.0",
        "lucide": "^0.468.0",
        "marked": "^15.0.0"
      }
    },
    "node_modules/@types/trusted-types": {
      "version": "2.0.7",
      "resolved": "https://registry.npmjs.org/@types/trusted-types/-/trusted-types-2.0.7.tgz",
      "integrity": "sha512-ScaPdn1dQczgbl0QFTeTOmVHFULt394XJgOQNoyVhZ6r2vLnMLJfBPd53SB52T/3G36VI1/g2MZaX0cwDuXsfw==",
      "license": "MIT",
      "optional": true
    },
    "node_modules/dompurify": {
      "version": "3.4.15",
      "resolved": "https://registry.npmjs.org/dompurify/-/dompurify-3.4.15.tgz",
      "integrity": "sha512-EUBjM+B+lkDE41iE82DDSCfkoPGfXx8IxFxPMjNzm/Uk4xDet77rTN9wqlxlVg71kK7XGuUMv6wUxJUwwv+Xyw==",
      "license": "(MPL-2.0 OR Apache-2.0)",
      "optionalDependencies": {
        "@types/trusted-types": "^2.0.7"
      }
    },
    "node_modules/lucide": {
      "version": "0.468.0",
      "resolved": "https://registry.npmjs.org/lucide/-/lucide-0.468.0.tgz",
      "integrity": "sha512-UFbgwji/ZnAV7iTTE4jujyTV7J95AILKyATDUrqOJrMcUGfXvGjw3c1mcuHZUX2oJfkrAGU9KoxkrLQk2jjtiA==",
      "license": "ISC"
    },
    "node_modules/marked": {
      "version": "15.0.12",
      "resolved": "https://registry.npmjs.org/marked/-/marked-15.0.12.tgz",
      "integrity": "sha512-8dD6FusOQSrpv9Z1rdNMdlSgQOIP880DHqnohobOmYLElGEqAL/JvxvuxZO16r4HtjTlfPRDC1hbvxC9dPN2nA==",
      "license": "MIT",
      "bin": {
        "marked": "bin/marked.js"
      },
      "engines": {
        "node": ">= 18"
      }
    }
  }
}
